{
    "_readme": [
        "This file locks the dependencies of your project to a known state",
        "Read more about it at https://getcomposer.org/doc/01-basic-usage.md#installing-dependencies",
        "This file is @generated automatically"
    ],
    "content-hash": "2db299209645f31b1a41ccf600e87ffa",
    "packages": [
        {
            "name": "corveda/php-sandbox",
            "version": "v3.0.3",
            "source": {
                "type": "git",
                "url": "https://github.com/Corveda/PHPSandbox.git",
                "reference": "6c637efe87b398a8960260c2f90ee02800316288"
            },
            "dist": {
                "type": "zip",
                "url": "https://api.github.com/repos/Corveda/PHPSandbox/zipball/6c637efe87b398a8960260c2f90ee02800316288",
                "reference": "6c637efe87b398a8960260c2f90ee02800316288",
                "shasum": ""
            },
            "require": {
                "ext-json": "*",
                "jeremeamia/functionparser": "^1.0",
                "nikic/php-parser": "^4.4",
                "php": ">=7.4|>=8.0"
            },
            "replace": {
                "fieryprophet/php-sandbox": "*"
            },
            "require-dev": {
                "phpunit/phpunit": "^9.5",
                "symfony/yaml": "~3.0|~4.0|~5.0"
            },
            "type": "library",
            "autoload": {
                "files": [
                    "src/functions.php"
                ],
                "psr-4": {
                    "PHPSandbox\\": "src/"
                }
            },
            "notification-url": "https://packagist.org/downloads/",
            "license": [
                "BSD-3-Clause"
            ],
            "authors": [
                {
                    "name": "Elijah Horton",
                    "email": "elijah@corveda.com"
                },
                {
                    "name": "Corveda, LLC."
                }
            ],
            "description": "A PHP library that can be used to run PHP code in a sandboxed environment",
            "homepage": "https://phpsandbox.org/",
            "keywords": [
                "blacklist",
                "parser",
                "php",
                "sandbox",
                "whitelist"
            ],
            "support": {
                "issues": "https://github.com/Corveda/PHPSandbox/issues",
                "source": "https://github.com/Corveda/PHPSandbox/tree/v3.0.3"
            },
            "time": "2023-05-29T05:52:01+00:00"
        },
        {
            "name": "jeremeamia/functionparser",
            "version": "1.0.0",
            "source": {
                "type": "git",
                "url": "https://github.com/jeremeamia/FunctionParser.git",
                "reference": "035b52000b88ea8d72a6647dd4cd39f080cf7ada"
            },
            "dist": {
                "type": "zip",
                "url": "https://api.github.com/repos/jeremeamia/FunctionParser/zipball/035b52000b88ea8d72a6647dd4cd39f080cf7ada",
                "reference": "035b52000b88ea8d72a6647dd4cd39f080cf7ada",
                "shasum": ""
            },
            "require": {
                "php": ">=5.3.2"
            },
            "type": "library",
            "extra": {
                "branch-alias": {
                    "dev-master": "1.0-dev"
                }
            },
            "autoload": {
                "psr-4": {
                    "FunctionParser\\": "src/"
                }
            },
            "notification-url": "https://packagist.org/downloads/",
            "license": [
                "MIT"
            ],
            "authors": [
                {
                    "name": "Jeremy Lindblom"
                }
            ],
            "description": "Function parser for PHP functions, methods, and closures",
            "homepage": "https://github.com/jeremeamia/FunctionParser",
            "keywords": [
                "closure",
                "function",
                "parser",
                "tokenizer"
            ],
            "support": {
                "issues": "https://github.com/jeremeamia/FunctionParser/issues",
                "source": "https://github.com/jeremeamia/FunctionParser/tree/1.0.0"
            },
            "time": "2015-02-02T17:30:47+00:00"
        },
        {
            "name": "nikic/php-parser",
            "version": "v4.18.0",
            "source": {
                "type": "git",
                "url": "https://github.com/nikic/PHP-Parser.git",
                "reference": "1bcbb2179f97633e98bbbc87044ee2611c7d7999"
            },
            "dist": {
                "type": "zip",
                "url": "https://api.github.com/repos/nikic/PHP-Parser/zipball/1bcbb2179f97633e98bbbc87044ee2611c7d7999",
                "reference": "1bcbb2179f97633e98bbbc87044ee2611c7d7999",
                "shasum": ""
            },
            "require": {
                "ext-tokenizer": "*",
                "php": ">=7.0"
            },
            "require-dev": {
                "ircmaxell/php-yacc": "^0.0.7",
                "phpunit/phpunit": "^6.5 || ^7.0 || ^8.0 || ^9.0"
            },
            "bin": [
                "bin/php-parse"
            ],
            "type": "library",
            "extra": {
                "branch-alias": {
                    "dev-master": "4.9-dev"
                }
            },
            "autoload": {
                "psr-4": {
                    "PhpParser\\": "lib/PhpParser"
                }
            },
            "notification-url": "https://packagist.org/downloads/",
            "license": [
                "BSD-3-Clause"
            ],
            "authors": [
                {
                    "name": "Nikita Popov"
                }
            ],
            "description": "A PHP parser written in PHP",
            "keywords": [
                "parser",
                "php"
            ],
            "support": {
                "issues": "https://github.com/nikic/PHP-Parser/issues",
                "source": "https://github.com/nikic/PHP-Parser/tree/v4.18.0"
            },
            "time": "2023-12-10T21:03:43+00:00"
        }
    ],
    "packages-dev": [],
    "aliases": [],
    "minimum-stability": "stable",
    "stability-flags": [],
    "prefer-stable": false,
    "prefer-lowest": false,
    "platform": [],
    "platform-dev": [],
    "plugin-api-version": "2.3.0"
}
